
Microsoft Visual Studio Solution File, Format Version 12.00
Project("{FAE04EC0-301F-11D3-BF4B-00C04F79EFBC}") = "ProiectPoo", "ProiectPoo\ProiectPoo.csproj", "{17116F00-281D-49D4-B56F-0BEA65627F97}"
EndProject
Global
	GlobalSection(SolutionConfigurationPlatforms) = preSolution
		Debug|Any CPU = Debug|Any CPU
		Release|Any CPU = Release|Any CPU
	EndGlobalSection
	GlobalSection(ProjectConfigurationPlatforms) = postSolution
		{17116F00-281D-49D4-B56F-0BEA65627F97}.Debug|Any CPU.ActiveCfg = Debug|Any CPU
		{17116F00-281D-49D4-B56F-0BEA65627F97}.Debug|Any CPU.Build.0 = Debug|Any CPU
		{17116F00-281D-49D4-B56F-0BEA65627F97}.Release|Any CPU.ActiveCfg = Release|Any CPU
		{17116F00-281D-49D4-B56F-0BEA65627F97}.Release|Any CPU.Build.0 = Release|Any CPU
	EndGlobalSection
EndGlobal
